PODS:
  - BRPickerView (2.9.1):
    - BRPickerView/All (= 2.9.1)
  - BRPickerView/All (2.9.1):
    - BRPickerView/Default
    - BRPickerView/Deprecated
  - BRPickerView/Core (2.9.1)
  - BRPickerView/DatePicker (2.9.1):
    - BRPickerView/Core
  - BRPickerView/Default (2.9.1):
    - BRPickerView/DatePicker
    - BRPickerView/TextPicker
  - BRPickerView/Deprecated (2.9.1):
    - BRPickerView/Core
    - BRPickerView/Deprecated/AddressPickerView (= 2.9.1)
    - BRPickerView/Deprecated/Base (= 2.9.1)
    - BRPickerView/Deprecated/StringPickerView (= 2.9.1)
  - BRPickerView/Deprecated/AddressPickerView (2.9.1):
    - BRPickerView/Core
    - BRPickerView/Deprecated/Base
  - BRPickerView/Deprecated/Base (2.9.1):
    - BRPickerView/Core
  - BRPickerView/Deprecated/StringPickerView (2.9.1):
    - BRPickerView/Core
    - BRPickerView/Deprecated/Base
  - BRPickerView/TextPicker (2.9.1):
    - BRPickerView/Core
  - Bugly (2.6.1)
  - JGProgressHUD (2.0.3)
  - Masonry (1.1.0)
  - MGSwipeTableCell (1.6.8)
  - MJExtension (3.0.15)
  - MJRefresh (3.1.15.7)
  - pop (1.0.12)
  - ReactiveObjC (3.1.0)
  - SDWebImage (4.4.3):
    - SDWebImage/Core (= 4.4.3)
  - SDWebImage/Core (4.4.3)
  - ZLPhotoBrowser (4.5.5):
    - ZLPhotoBrowser/Core (= 4.5.5)
  - ZLPhotoBrowser/Core (4.5.5)

DEPENDENCIES:
  - BRPickerView (= 2.9.1)
  - Bugly
  - JGProgressHUD (= 2.0.3)
  - Masonry (= 1.1.0)
  - MGSwipeTableCell (= 1.6.8)
  - MJExtension (= 3.0.15)
  - MJRefresh (= 3.1.15.7)
  - pop (= 1.0.12)
  - ReactiveObjC (= 3.1.0)
  - SDWebImage (= 4.4.3)
  - ZLPhotoBrowser

SPEC REPOS:
  trunk:
    - BRPickerView
    - Bugly
    - JGProgressHUD
    - Masonry
    - MGSwipeTableCell
    - MJExtension
    - MJRefresh
    - pop
    - ReactiveObjC
    - SDWebImage
    - ZLPhotoBrowser

SPEC CHECKSUMS:
  BRPickerView: 6dd69ea2c48e0a0abf1d197a705050e13143ee63
  Bugly: 217ac2ce5f0f2626d43dbaa4f70764c953a26a31
  JGProgressHUD: 12b20a8f4ffe05258f8635c1ab92816e451f904d
  Masonry: 678fab65091a9290e40e2832a55e7ab731aad201
  MGSwipeTableCell: dc4eca3212ed38a563b27d6aa7b3c01ce656c1e2
  MJExtension: 3f039575db1b135a20699ad298713b26acec1528
  MJRefresh: 697f8ec75ebdbe9207767bb682cf0f51b0d8a41f
  pop: d582054913807fd11fd50bfe6a539d91c7e1a55a
  ReactiveObjC: 2a38ea15335de4119d8b17caf1db1484f61db902
  SDWebImage: c5594f1a19c48d526d321e548902b56b479cd508
  ZLPhotoBrowser: 6fb0eff03c8269001e29ef233e7bdab0691e05fe

PODFILE CHECKSUM: 8731fab5587f53aee2b7a779fd37cc9e98e7add0

COCOAPODS: 1.11.3
